// !$*UTF8*$!
{
	archiveVersion = 1;
	classes = {
	};
	objectVersion = 50;
	objects = {

/* Begin PBXBuildFile section */
		D110C8BC214F406E00AFA174 /* HQPhotoTopView.m in Sources */ = {isa = PBXBuildFile; fileRef = D110C8BB214F406E00AFA174 /* HQPhotoTopView.m */; };
		D110C8BF214F416500AFA174 /* icon_yy_back_white@2x.png in Resources */ = {isa = PBXBuildFile; fileRef = D110C8BD214F416400AFA174 /* icon_yy_back_white@2x.png */; };
		D110C8C0214F416500AFA174 /* icon_yy_back_white@3x.png in Resources */ = {isa = PBXBuildFile; fileRef = D110C8BE214F416400AFA174 /* icon_yy_back_white@3x.png */; };
		D116406F20C77C1A00BA0BA8 /* icon_yy_back@3x.png in Resources */ = {isa = PBXBuildFile; fileRef = D116406D20C77C1A00BA0BA8 /* icon_yy_back@3x.png */; };
		D116407020C77C1A00BA0BA8 /* icon_yy_back@2x.png in Resources */ = {isa = PBXBuildFile; fileRef = D116406E20C77C1A00BA0BA8 /* icon_yy_back@2x.png */; };
		D116407820C77D8500BA0BA8 /* HQPhotoBrowser.m in Sources */ = {isa = PBXBuildFile; fileRef = D116407320C77D8500BA0BA8 /* HQPhotoBrowser.m */; };
		D116407920C77D8500BA0BA8 /* HQPhotoItem.m in Sources */ = {isa = PBXBuildFile; fileRef = D116407520C77D8500BA0BA8 /* HQPhotoItem.m */; };
		D116407A20C77D8500BA0BA8 /* HQPhotoView.m in Sources */ = {isa = PBXBuildFile; fileRef = D116407720C77D8500BA0BA8 /* HQPhotoView.m */; };
		D116407F20C7BD1B00BA0BA8 /* YYPhotoView.m in Sources */ = {isa = PBXBuildFile; fileRef = D116407E20C7BD1B00BA0BA8 /* YYPhotoView.m */; };
		D116408220C7BD3900BA0BA8 /* YYPhotoItem.m in Sources */ = {isa = PBXBuildFile; fileRef = D116408120C7BD3900BA0BA8 /* YYPhotoItem.m */; };
		D116408520C7BD6600BA0BA8 /* YYPhotoBrowser.m in Sources */ = {isa = PBXBuildFile; fileRef = D116408420C7BD6600BA0BA8 /* YYPhotoBrowser.m */; };
		D13C06302090725300F60ACC /* YYImagePickerController.m in Sources */ = {isa = PBXBuildFile; fileRef = D13C062F2090725300F60ACC /* YYImagePickerController.m */; };
		D13EEC5920C637EF00B366BE /* YYImagePickerController.xib in Resources */ = {isa = PBXBuildFile; fileRef = D13EEC5820C637EF00B366BE /* YYImagePickerController.xib */; };
		D13EEC5F20C6397B00B366BE /* YYGroupViewController.m in Sources */ = {isa = PBXBuildFile; fileRef = D13EEC5E20C6397B00B366BE /* YYGroupViewController.m */; };
		D13EEC6320C6399600B366BE /* YYTools.m in Sources */ = {isa = PBXBuildFile; fileRef = D13EEC6220C6399600B366BE /* YYTools.m */; };
		D13EEC6620C63A7000B366BE /* YYData.m in Sources */ = {isa = PBXBuildFile; fileRef = D13EEC6520C63A7000B366BE /* YYData.m */; };
		D13EEC6920C63AB300B366BE /* YYAsset.m in Sources */ = {isa = PBXBuildFile; fileRef = D13EEC6820C63AB300B366BE /* YYAsset.m */; };
		D13EEC6C20C63AC700B366BE /* YYAssetCollection.m in Sources */ = {isa = PBXBuildFile; fileRef = D13EEC6B20C63AC700B366BE /* YYAssetCollection.m */; };
		D13EEC6F20C641ED00B366BE /* YYGroupViewController.xib in Resources */ = {isa = PBXBuildFile; fileRef = D13EEC6E20C641ED00B366BE /* YYGroupViewController.xib */; };
		D13EEC7320C642CD00B366BE /* YYGroupCell.m in Sources */ = {isa = PBXBuildFile; fileRef = D13EEC7120C642CD00B366BE /* YYGroupCell.m */; };
		D13EEC7420C642CD00B366BE /* YYGroupCell.xib in Resources */ = {isa = PBXBuildFile; fileRef = D13EEC7220C642CD00B366BE /* YYGroupCell.xib */; };
		D13EEC7820C659E100B366BE /* YYAssetCollectionVC.m in Sources */ = {isa = PBXBuildFile; fileRef = D13EEC7620C659E100B366BE /* YYAssetCollectionVC.m */; };
		D13EEC7920C659E100B366BE /* YYAssetCollectionVC.xib in Resources */ = {isa = PBXBuildFile; fileRef = D13EEC7720C659E100B366BE /* YYAssetCollectionVC.xib */; };
		D13EEC7D20C65F5F00B366BE /* YYAssetCell.m in Sources */ = {isa = PBXBuildFile; fileRef = D13EEC7B20C65F5F00B366BE /* YYAssetCell.m */; };
		D13EEC7E20C65F5F00B366BE /* YYAssetCell.xib in Resources */ = {isa = PBXBuildFile; fileRef = D13EEC7C20C65F5F00B366BE /* YYAssetCell.xib */; };
		D13EEC8420C670B000B366BE /* icon_yy_selected@2x.png in Resources */ = {isa = PBXBuildFile; fileRef = D13EEC8020C670B000B366BE /* icon_yy_selected@2x.png */; };
		D13EEC8520C670B000B366BE /* icon_yy_selected@3x.png in Resources */ = {isa = PBXBuildFile; fileRef = D13EEC8120C670B000B366BE /* icon_yy_selected@3x.png */; };
		D13EEC8620C670B000B366BE /* icon_yy_unSelected@2x.png in Resources */ = {isa = PBXBuildFile; fileRef = D13EEC8220C670B000B366BE /* icon_yy_unSelected@2x.png */; };
		D13EEC8720C670B000B366BE /* icon_yy_unSelected@3x.png in Resources */ = {isa = PBXBuildFile; fileRef = D13EEC8320C670B000B366BE /* icon_yy_unSelected@3x.png */; };
		D13EEC8A20C6831500B366BE /* icon_yy_camera@3x.png in Resources */ = {isa = PBXBuildFile; fileRef = D13EEC8820C6831500B366BE /* icon_yy_camera@3x.png */; };
		D13EEC8B20C6831500B366BE /* icon_yy_camera@2x.png in Resources */ = {isa = PBXBuildFile; fileRef = D13EEC8920C6831500B366BE /* icon_yy_camera@2x.png */; };
		D16F4612212AA7520073663F /* RSKImageCropViewController.m in Sources */ = {isa = PBXBuildFile; fileRef = D16F460B212AA7520073663F /* RSKImageCropViewController.m */; };
		D16F4613212AA7520073663F /* RSKImageScrollView.m in Sources */ = {isa = PBXBuildFile; fileRef = D16F460D212AA7520073663F /* RSKImageScrollView.m */; };
		D16F4614212AA7520073663F /* RSKTouchView.m in Sources */ = {isa = PBXBuildFile; fileRef = D16F460F212AA7520073663F /* RSKTouchView.m */; };
		D16F4615212AA7520073663F /* UIImage+FixOrientation.m in Sources */ = {isa = PBXBuildFile; fileRef = D16F4611212AA7520073663F /* UIImage+FixOrientation.m */; };
		D16F4619212AB52A0073663F /* icon_yy_play@2x.png in Resources */ = {isa = PBXBuildFile; fileRef = D16F4617212AB52A0073663F /* icon_yy_play@2x.png */; };
		D16F461A212AB52A0073663F /* icon_yy_play@3x.png in Resources */ = {isa = PBXBuildFile; fileRef = D16F4618212AB52A0073663F /* icon_yy_play@3x.png */; };
		D1F99777209071F500BE7996 /* AppDelegate.m in Sources */ = {isa = PBXBuildFile; fileRef = D1F99776209071F500BE7996 /* AppDelegate.m */; };
		D1F9977A209071F500BE7996 /* ViewController.m in Sources */ = {isa = PBXBuildFile; fileRef = D1F99779209071F500BE7996 /* ViewController.m */; };
		D1F9977D209071F500BE7996 /* Main.storyboard in Resources */ = {isa = PBXBuildFile; fileRef = D1F9977B209071F500BE7996 /* Main.storyboard */; };
		D1F9977F209071F500BE7996 /* Assets.xcassets in Resources */ = {isa = PBXBuildFile; fileRef = D1F9977E209071F500BE7996 /* Assets.xcassets */; };
		D1F99782209071F500BE7996 /* LaunchScreen.storyboard in Resources */ = {isa = PBXBuildFile; fileRef = D1F99780209071F500BE7996 /* LaunchScreen.storyboard */; };
		D1F99785209071F500BE7996 /* main.m in Sources */ = {isa = PBXBuildFile; fileRef = D1F99784209071F500BE7996 /* main.m */; };
/* End PBXBuildFile section */

/* Begin PBXFileReference section */
		D110C8BA214F406E00AFA174 /* HQPhotoTopView.h */ = {isa = PBXFileReference; lastKnownFileType = sourcecode.c.h; path = HQPhotoTopView.h; sourceTree = "<group>"; };
		D110C8BB214F406E00AFA174 /* HQPhotoTopView.m */ = {isa = PBXFileReference; lastKnownFileType = sourcecode.c.objc; path = HQPhotoTopView.m; sourceTree = "<group>"; };
		D110C8BD214F416400AFA174 /* icon_yy_back_white@2x.png */ = {isa = PBXFileReference; lastKnownFileType = image.png; path = "icon_yy_back_white@2x.png"; sourceTree = "<group>"; };
		D110C8BE214F416400AFA174 /* icon_yy_back_white@3x.png */ = {isa = PBXFileReference; lastKnownFileType = image.png; path = "icon_yy_back_white@3x.png"; sourceTree = "<group>"; };
		D116406D20C77C1A00BA0BA8 /* icon_yy_back@3x.png */ = {isa = PBXFileReference; lastKnownFileType = image.png; path = "icon_yy_back@3x.png"; sourceTree = "<group>"; };
		D116406E20C77C1A00BA0BA8 /* icon_yy_back@2x.png */ = {isa = PBXFileReference; lastKnownFileType = image.png; path = "icon_yy_back@2x.png"; sourceTree = "<group>"; };
		D116407220C77D8500BA0BA8 /* HQPhotoBrowser.h */ = {isa = PBXFileReference; fileEncoding = 4; lastKnownFileType = sourcecode.c.h; path = HQPhotoBrowser.h; sourceTree = "<group>"; };
		D116407320C77D8500BA0BA8 /* HQPhotoBrowser.m */ = {isa = PBXFileReference; fileEncoding = 4; lastKnownFileType = sourcecode.c.objc; path = HQPhotoBrowser.m; sourceTree = "<group>"; };
		D116407420C77D8500BA0BA8 /* HQPhotoItem.h */ = {isa = PBXFileReference; fileEncoding = 4; lastKnownFileType = sourcecode.c.h; path = HQPhotoItem.h; sourceTree = "<group>"; };
		D116407520C77D8500BA0BA8 /* HQPhotoItem.m */ = {isa = PBXFileReference; fileEncoding = 4; lastKnownFileType = sourcecode.c.objc; path = HQPhotoItem.m; sourceTree = "<group>"; };
		D116407620C77D8500BA0BA8 /* HQPhotoView.h */ = {isa = PBXFileReference; fileEncoding = 4; lastKnownFileType = sourcecode.c.h; path = HQPhotoView.h; sourceTree = "<group>"; };
		D116407720C77D8500BA0BA8 /* HQPhotoView.m */ = {isa = PBXFileReference; fileEncoding = 4; lastKnownFileType = sourcecode.c.objc; path = HQPhotoView.m; sourceTree = "<group>"; };
		D116407D20C7BD1B00BA0BA8 /* YYPhotoView.h */ = {isa = PBXFileReference; lastKnownFileType = sourcecode.c.h; path = YYPhotoView.h; sourceTree = "<group>"; };
		D116407E20C7BD1B00BA0BA8 /* YYPhotoView.m */ = {isa = PBXFileReference; lastKnownFileType = sourcecode.c.objc; path = YYPhotoView.m; sourceTree = "<group>"; };
		D116408020C7BD3900BA0BA8 /* YYPhotoItem.h */ = {isa = PBXFileReference; lastKnownFileType = sourcecode.c.h; path = YYPhotoItem.h; sourceTree = "<group>"; };
		D116408120C7BD3900BA0BA8 /* YYPhotoItem.m */ = {isa = PBXFileReference; lastKnownFileType = sourcecode.c.objc; path = YYPhotoItem.m; sourceTree = "<group>"; };
		D116408320C7BD6600BA0BA8 /* YYPhotoBrowser.h */ = {isa = PBXFileReference; lastKnownFileType = sourcecode.c.h; path = YYPhotoBrowser.h; sourceTree = "<group>"; };
		D116408420C7BD6600BA0BA8 /* YYPhotoBrowser.m */ = {isa = PBXFileReference; lastKnownFileType = sourcecode.c.objc; path = YYPhotoBrowser.m; sourceTree = "<group>"; };
		D13C062E2090725300F60ACC /* YYImagePickerController.h */ = {isa = PBXFileReference; lastKnownFileType = sourcecode.c.h; path = YYImagePickerController.h; sourceTree = "<group>"; };
		D13C062F2090725300F60ACC /* YYImagePickerController.m */ = {isa = PBXFileReference; lastKnownFileType = sourcecode.c.objc; path = YYImagePickerController.m; sourceTree = "<group>"; };
		D13EEC5820C637EF00B366BE /* YYImagePickerController.xib */ = {isa = PBXFileReference; lastKnownFileType = file.xib; path = YYImagePickerController.xib; sourceTree = "<group>"; };
		D13EEC5D20C6397B00B366BE /* YYGroupViewController.h */ = {isa = PBXFileReference; lastKnownFileType = sourcecode.c.h; path = YYGroupViewController.h; sourceTree = "<group>"; };
		D13EEC5E20C6397B00B366BE /* YYGroupViewController.m */ = {isa = PBXFileReference; lastKnownFileType = sourcecode.c.objc; path = YYGroupViewController.m; sourceTree = "<group>"; };
		D13EEC6120C6399600B366BE /* YYTools.h */ = {isa = PBXFileReference; lastKnownFileType = sourcecode.c.h; path = YYTools.h; sourceTree = "<group>"; };
		D13EEC6220C6399600B366BE /* YYTools.m */ = {isa = PBXFileReference; lastKnownFileType = sourcecode.c.objc; path = YYTools.m; sourceTree = "<group>"; };
		D13EEC6420C63A7000B366BE /* YYData.h */ = {isa = PBXFileReference; lastKnownFileType = sourcecode.c.h; path = YYData.h; sourceTree = "<group>"; };
		D13EEC6520C63A7000B366BE /* YYData.m */ = {isa = PBXFileReference; lastKnownFileType = sourcecode.c.objc; path = YYData.m; sourceTree = "<group>"; };
		D13EEC6720C63AB300B366BE /* YYAsset.h */ = {isa = PBXFileReference; lastKnownFileType = sourcecode.c.h; path = YYAsset.h; sourceTree = "<group>"; };
		D13EEC6820C63AB300B366BE /* YYAsset.m */ = {isa = PBXFileReference; lastKnownFileType = sourcecode.c.objc; path = YYAsset.m; sourceTree = "<group>"; };
		D13EEC6A20C63AC700B366BE /* YYAssetCollection.h */ = {isa = PBXFileReference; lastKnownFileType = sourcecode.c.h; path = YYAssetCollection.h; sourceTree = "<group>"; };
		D13EEC6B20C63AC700B366BE /* YYAssetCollection.m */ = {isa = PBXFileReference; lastKnownFileType = sourcecode.c.objc; path = YYAssetCollection.m; sourceTree = "<group>"; };
		D13EEC6E20C641ED00B366BE /* YYGroupViewController.xib */ = {isa = PBXFileReference; lastKnownFileType = file.xib; path = YYGroupViewController.xib; sourceTree = "<group>"; };
		D13EEC7020C642CD00B366BE /* YYGroupCell.h */ = {isa = PBXFileReference; lastKnownFileType = sourcecode.c.h; path = YYGroupCell.h; sourceTree = "<group>"; };
		D13EEC7120C642CD00B366BE /* YYGroupCell.m */ = {isa = PBXFileReference; lastKnownFileType = sourcecode.c.objc; path = YYGroupCell.m; sourceTree = "<group>"; };
		D13EEC7220C642CD00B366BE /* YYGroupCell.xib */ = {isa = PBXFileReference; lastKnownFileType = file.xib; path = YYGroupCell.xib; sourceTree = "<group>"; };
		D13EEC7520C659E100B366BE /* YYAssetCollectionVC.h */ = {isa = PBXFileReference; lastKnownFileType = sourcecode.c.h; path = YYAssetCollectionVC.h; sourceTree = "<group>"; };
		D13EEC7620C659E100B366BE /* YYAssetCollectionVC.m */ = {isa = PBXFileReference; lastKnownFileType = sourcecode.c.objc; path = YYAssetCollectionVC.m; sourceTree = "<group>"; };
		D13EEC7720C659E100B366BE /* YYAssetCollectionVC.xib */ = {isa = PBXFileReference; lastKnownFileType = file.xib; path = YYAssetCollectionVC.xib; sourceTree = "<group>"; };
		D13EEC7A20C65F5F00B366BE /* YYAssetCell.h */ = {isa = PBXFileReference; lastKnownFileType = sourcecode.c.h; path = YYAssetCell.h; sourceTree = "<group>"; };
		D13EEC7B20C65F5F00B366BE /* YYAssetCell.m */ = {isa = PBXFileReference; lastKnownFileType = sourcecode.c.objc; path = YYAssetCell.m; sourceTree = "<group>"; };
		D13EEC7C20C65F5F00B366BE /* YYAssetCell.xib */ = {isa = PBXFileReference; lastKnownFileType = file.xib; path = YYAssetCell.xib; sourceTree = "<group>"; };
		D13EEC8020C670B000B366BE /* icon_yy_selected@2x.png */ = {isa = PBXFileReference; lastKnownFileType = image.png; path = "icon_yy_selected@2x.png"; sourceTree = "<group>"; };
		D13EEC8120C670B000B366BE /* icon_yy_selected@3x.png */ = {isa = PBXFileReference; lastKnownFileType = image.png; path = "icon_yy_selected@3x.png"; sourceTree = "<group>"; };
		D13EEC8220C670B000B366BE /* icon_yy_unSelected@2x.png */ = {isa = PBXFileReference; lastKnownFileType = image.png; path = "icon_yy_unSelected@2x.png"; sourceTree = "<group>"; };
		D13EEC8320C670B000B366BE /* icon_yy_unSelected@3x.png */ = {isa = PBXFileReference; lastKnownFileType = image.png; path = "icon_yy_unSelected@3x.png"; sourceTree = "<group>"; };
		D13EEC8820C6831500B366BE /* icon_yy_camera@3x.png */ = {isa = PBXFileReference; lastKnownFileType = image.png; path = "icon_yy_camera@3x.png"; sourceTree = "<group>"; };
		D13EEC8920C6831500B366BE /* icon_yy_camera@2x.png */ = {isa = PBXFileReference; lastKnownFileType = image.png; path = "icon_yy_camera@2x.png"; sourceTree = "<group>"; };
		D16F4609212AA7520073663F /* RSKImageCropper.h */ = {isa = PBXFileReference; fileEncoding = 4; lastKnownFileType = sourcecode.c.h; path = RSKImageCropper.h; sourceTree = "<group>"; };
		D16F460A212AA7520073663F /* RSKImageCropViewController.h */ = {isa = PBXFileReference; fileEncoding = 4; lastKnownFileType = sourcecode.c.h; path = RSKImageCropViewController.h; sourceTree = "<group>"; };
		D16F460B212AA7520073663F /* RSKImageCropViewController.m */ = {isa = PBXFileReference; fileEncoding = 4; lastKnownFileType = sourcecode.c.objc; path = RSKImageCropViewController.m; sourceTree = "<group>"; };
		D16F460C212AA7520073663F /* RSKImageScrollView.h */ = {isa = PBXFileReference; fileEncoding = 4; lastKnownFileType = sourcecode.c.h; path = RSKImageScrollView.h; sourceTree = "<group>"; };
		D16F460D212AA7520073663F /* RSKImageScrollView.m */ = {isa = PBXFileReference; fileEncoding = 4; lastKnownFileType = sourcecode.c.objc; path = RSKImageScrollView.m; sourceTree = "<group>"; };
		D16F460E212AA7520073663F /* RSKTouchView.h */ = {isa = PBXFileReference; fileEncoding = 4; lastKnownFileType = sourcecode.c.h; path = RSKTouchView.h; sourceTree = "<group>"; };
		D16F460F212AA7520073663F /* RSKTouchView.m */ = {isa = PBXFileReference; fileEncoding = 4; lastKnownFileType = sourcecode.c.objc; path = RSKTouchView.m; sourceTree = "<group>"; };
		D16F4610212AA7520073663F /* UIImage+FixOrientation.h */ = {isa = PBXFileReference; fileEncoding = 4; lastKnownFileType = sourcecode.c.h; path = "UIImage+FixOrientation.h"; sourceTree = "<group>"; };
		D16F4611212AA7520073663F /* UIImage+FixOrientation.m */ = {isa = PBXFileReference; fileEncoding = 4; lastKnownFileType = sourcecode.c.objc; path = "UIImage+FixOrientation.m"; sourceTree = "<group>"; };
		D16F4616212AA8A80073663F /* YYEnumeration.h */ = {isa = PBXFileReference; lastKnownFileType = sourcecode.c.h; path = YYEnumeration.h; sourceTree = "<group>"; };
		D16F4617212AB52A0073663F /* icon_yy_play@2x.png */ = {isa = PBXFileReference; lastKnownFileType = image.png; path = "icon_yy_play@2x.png"; sourceTree = "<group>"; };
		D16F4618212AB52A0073663F /* icon_yy_play@3x.png */ = {isa = PBXFileReference; lastKnownFileType = image.png; path = "icon_yy_play@3x.png"; sourceTree = "<group>"; };
		D1F99772209071F500BE7996 /* YYImagePickerController.app */ = {isa = PBXFileReference; explicitFileType = wrapper.application; includeInIndex = 0; path = YYImagePickerController.app; sourceTree = BUILT_PRODUCTS_DIR; };
		D1F99775209071F500BE7996 /* AppDelegate.h */ = {isa = PBXFileReference; lastKnownFileType = sourcecode.c.h; path = AppDelegate.h; sourceTree = "<group>"; };
		D1F99776209071F500BE7996 /* AppDelegate.m */ = {isa = PBXFileReference; lastKnownFileType = sourcecode.c.objc; path = AppDelegate.m; sourceTree = "<group>"; };
		D1F99778209071F500BE7996 /* ViewController.h */ = {isa = PBXFileReference; lastKnownFileType = sourcecode.c.h; path = ViewController.h; sourceTree = "<group>"; };
		D1F99779209071F500BE7996 /* ViewController.m */ = {isa = PBXFileReference; lastKnownFileType = sourcecode.c.objc; path = ViewController.m; sourceTree = "<group>"; };
		D1F9977C209071F500BE7996 /* Base */ = {isa = PBXFileReference; lastKnownFileType = file.storyboard; name = Base; path = Base.lproj/Main.storyboard; sourceTree = "<group>"; };
		D1F9977E209071F500BE7996 /* Assets.xcassets */ = {isa = PBXFileReference; lastKnownFileType = folder.assetcatalog; path = Assets.xcassets; sourceTree = "<group>"; };
		D1F99781209071F500BE7996 /* Base */ = {isa = PBXFileReference; lastKnownFileType = file.storyboard; name = Base; path = Base.lproj/LaunchScreen.storyboard; sourceTree = "<group>"; };
		D1F99783209071F500BE7996 /* Info.plist */ = {isa = PBXFileReference; lastKnownFileType = text.plist.xml; path = Info.plist; sourceTree = "<group>"; };
		D1F99784209071F500BE7996 /* main.m */ = {isa = PBXFileReference; lastKnownFileType = sourcecode.c.objc; path = main.m; sourceTree = "<group>"; };
/* End PBXFileReference section */

/* Begin PBXFrameworksBuildPhase section */
		D1F9976F209071F500BE7996 /* Frameworks */ = {
			isa = PBXFrameworksBuildPhase;
			buildActionMask = 2147483647;
			files = (
			);
			runOnlyForDeploymentPostprocessing = 0;
		};
/* End PBXFrameworksBuildPhase section */

/* Begin PBXGroup section */
		D116407120C77D8500BA0BA8 /* HQPhotoBrowser */ = {
			isa = PBXGroup;
			children = (
				D116407220C77D8500BA0BA8 /* HQPhotoBrowser.h */,
				D116407320C77D8500BA0BA8 /* HQPhotoBrowser.m */,
				D116407420C77D8500BA0BA8 /* HQPhotoItem.h */,
				D116407520C77D8500BA0BA8 /* HQPhotoItem.m */,
				D116407620C77D8500BA0BA8 /* HQPhotoView.h */,
				D116407720C77D8500BA0BA8 /* HQPhotoView.m */,
				D110C8BA214F406E00AFA174 /* HQPhotoTopView.h */,
				D110C8BB214F406E00AFA174 /* HQPhotoTopView.m */,
			);
			path = HQPhotoBrowser;
			sourceTree = "<group>";
		};
		D116407B20C7BCFE00BA0BA8 /* lib */ = {
			isa = PBXGroup;
			children = (
				D16F4608212AA7520073663F /* RSKImageCropper */,
				D116407C20C7BCFE00BA0BA8 /* YYPhotoBrowser */,
			);
			path = lib;
			sourceTree = "<group>";
		};
		D116407C20C7BCFE00BA0BA8 /* YYPhotoBrowser */ = {
			isa = PBXGroup;
			children = (
				D116407D20C7BD1B00BA0BA8 /* YYPhotoView.h */,
				D116407E20C7BD1B00BA0BA8 /* YYPhotoView.m */,
				D116408020C7BD3900BA0BA8 /* YYPhotoItem.h */,
				D116408120C7BD3900BA0BA8 /* YYPhotoItem.m */,
				D116408320C7BD6600BA0BA8 /* YYPhotoBrowser.h */,
				D116408420C7BD6600BA0BA8 /* YYPhotoBrowser.m */,
			);
			path = YYPhotoBrowser;
			sourceTree = "<group>";
		};
		D11F50F820B6978E00DC54A2 /* PhotoViewController */ = {
			isa = PBXGroup;
			children = (
				D116407B20C7BCFE00BA0BA8 /* lib */,
				D13EEC7F20C670B000B366BE /* icons */,
				D13EEC6020C6398900B366BE /* Tools */,
				D13EEC5C20C6396100B366BE /* Controllers */,
				D13EEC5A20C6396100B366BE /* Models */,
				D13EEC5B20C6396100B366BE /* Views */,
			);
			path = PhotoViewController;
			sourceTree = "<group>";
		};
		D13EEC5A20C6396100B366BE /* Models */ = {
			isa = PBXGroup;
			children = (
				D13EEC6720C63AB300B366BE /* YYAsset.h */,
				D13EEC6820C63AB300B366BE /* YYAsset.m */,
				D13EEC6A20C63AC700B366BE /* YYAssetCollection.h */,
				D13EEC6B20C63AC700B366BE /* YYAssetCollection.m */,
			);
			path = Models;
			sourceTree = "<group>";
		};
		D13EEC5B20C6396100B366BE /* Views */ = {
			isa = PBXGroup;
			children = (
				D13EEC7020C642CD00B366BE /* YYGroupCell.h */,
				D13EEC7120C642CD00B366BE /* YYGroupCell.m */,
				D13EEC7220C642CD00B366BE /* YYGroupCell.xib */,
				D13EEC7A20C65F5F00B366BE /* YYAssetCell.h */,
				D13EEC7B20C65F5F00B366BE /* YYAssetCell.m */,
				D13EEC7C20C65F5F00B366BE /* YYAssetCell.xib */,
			);
			path = Views;
			sourceTree = "<group>";
		};
		D13EEC5C20C6396100B366BE /* Controllers */ = {
			isa = PBXGroup;
			children = (
				D13EEC5D20C6397B00B366BE /* YYGroupViewController.h */,
				D13EEC5E20C6397B00B366BE /* YYGroupViewController.m */,
				D13EEC6E20C641ED00B366BE /* YYGroupViewController.xib */,
				D13EEC7520C659E100B366BE /* YYAssetCollectionVC.h */,
				D13EEC7620C659E100B366BE /* YYAssetCollectionVC.m */,
				D13EEC7720C659E100B366BE /* YYAssetCollectionVC.xib */,
			);
			path = Controllers;
			sourceTree = "<group>";
		};
		D13EEC6020C6398900B366BE /* Tools */ = {
			isa = PBXGroup;
			children = (
				D13EEC6120C6399600B366BE /* YYTools.h */,
				D13EEC6220C6399600B366BE /* YYTools.m */,
				D13EEC6420C63A7000B366BE /* YYData.h */,
				D13EEC6520C63A7000B366BE /* YYData.m */,
				D16F4616212AA8A80073663F /* YYEnumeration.h */,
			);
			path = Tools;
			sourceTree = "<group>";
		};
		D13EEC7F20C670B000B366BE /* icons */ = {
			isa = PBXGroup;
			children = (
				D16F4617212AB52A0073663F /* icon_yy_play@2x.png */,
				D16F4618212AB52A0073663F /* icon_yy_play@3x.png */,
				D13EEC8920C6831500B366BE /* icon_yy_camera@2x.png */,
				D13EEC8820C6831500B366BE /* icon_yy_camera@3x.png */,
				D13EEC8020C670B000B366BE /* icon_yy_selected@2x.png */,
				D13EEC8120C670B000B366BE /* icon_yy_selected@3x.png */,
				D13EEC8220C670B000B366BE /* icon_yy_unSelected@2x.png */,
				D13EEC8320C670B000B366BE /* icon_yy_unSelected@3x.png */,
				D116406E20C77C1A00BA0BA8 /* icon_yy_back@2x.png */,
				D116406D20C77C1A00BA0BA8 /* icon_yy_back@3x.png */,
				D110C8BD214F416400AFA174 /* icon_yy_back_white@2x.png */,
				D110C8BE214F416400AFA174 /* icon_yy_back_white@3x.png */,
			);
			path = icons;
			sourceTree = "<group>";
		};
		D16F4608212AA7520073663F /* RSKImageCropper */ = {
			isa = PBXGroup;
			children = (
				D16F4609212AA7520073663F /* RSKImageCropper.h */,
				D16F460A212AA7520073663F /* RSKImageCropViewController.h */,
				D16F460B212AA7520073663F /* RSKImageCropViewController.m */,
				D16F460C212AA7520073663F /* RSKImageScrollView.h */,
				D16F460D212AA7520073663F /* RSKImageScrollView.m */,
				D16F460E212AA7520073663F /* RSKTouchView.h */,
				D16F460F212AA7520073663F /* RSKTouchView.m */,
				D16F4610212AA7520073663F /* UIImage+FixOrientation.h */,
				D16F4611212AA7520073663F /* UIImage+FixOrientation.m */,
			);
			path = RSKImageCropper;
			sourceTree = "<group>";
		};
		D1F99769209071F500BE7996 = {
			isa = PBXGroup;
			children = (
				D1F99774209071F500BE7996 /* YYImagePickerController */,
				D1F99773209071F500BE7996 /* Products */,
			);
			sourceTree = "<group>";
		};
		D1F99773209071F500BE7996 /* Products */ = {
			isa = PBXGroup;
			children = (
				D1F99772209071F500BE7996 /* YYImagePickerController.app */,
			);
			name = Products;
			sourceTree = "<group>";
		};
		D1F99774209071F500BE7996 /* YYImagePickerController */ = {
			isa = PBXGroup;
			children = (
				D116407120C77D8500BA0BA8 /* HQPhotoBrowser */,
				D11F50F820B6978E00DC54A2 /* PhotoViewController */,
				D1F99775209071F500BE7996 /* AppDelegate.h */,
				D1F99776209071F500BE7996 /* AppDelegate.m */,
				D1F99778209071F500BE7996 /* ViewController.h */,
				D1F99779209071F500BE7996 /* ViewController.m */,
				D13C062E2090725300F60ACC /* YYImagePickerController.h */,
				D13C062F2090725300F60ACC /* YYImagePickerController.m */,
				D13EEC5820C637EF00B366BE /* YYImagePickerController.xib */,
				D1F9977B209071F500BE7996 /* Main.storyboard */,
				D1F9977E209071F500BE7996 /* Assets.xcassets */,
				D1F99780209071F500BE7996 /* LaunchScreen.storyboard */,
				D1F99783209071F500BE7996 /* Info.plist */,
				D1F99784209071F500BE7996 /* main.m */,
			);
			path = YYImagePickerController;
			sourceTree = "<group>";
		};
/* End PBXGroup section */

/* Begin PBXNativeTarget section */
		D1F99771209071F500BE7996 /* YYImagePickerController */ = {
			isa = PBXNativeTarget;
			buildConfigurationList = D1F99788209071F500BE7996 /* Build configuration list for PBXNativeTarget "YYImagePickerController" */;
			buildPhases = (
				D1F9976E209071F500BE7996 /* Sources */,
				D1F9976F209071F500BE7996 /* Frameworks */,
				D1F99770209071F500BE7996 /* Resources */,
			);
			buildRules = (
			);
			dependencies = (
			);
			name = YYImagePickerController;
			productName = YYImagePickerController;
			productReference = D1F99772209071F500BE7996 /* YYImagePickerController.app */;
			productType = "com.apple.product-type.application";
		};
/* End PBXNativeTarget section */

/* Begin PBXProject section */
		D1F9976A209071F500BE7996 /* Project object */ = {
			isa = PBXProject;
			attributes = {
				LastUpgradeCheck = 0930;
				ORGANIZATIONNAME = HangzhouHaiqu;
				TargetAttributes = {
					D1F99771209071F500BE7996 = {
						CreatedOnToolsVersion = 9.3;
					};
				};
			};
			buildConfigurationList = D1F9976D209071F500BE7996 /* Build configuration list for PBXProject "YYImagePickerController" */;
			compatibilityVersion = "Xcode 9.3";
			developmentRegion = en;
			hasScannedForEncodings = 0;
			knownRegions = (
				en,
				Base,
			);
			mainGroup = D1F99769209071F500BE7996;
			productRefGroup = D1F99773209071F500BE7996 /* Products */;
			projectDirPath = "";
			projectRoot = "";
			targets = (
				D1F99771209071F500BE7996 /* YYImagePickerController */,
			);
		};
/* End PBXProject section */

/* Begin PBXResourcesBuildPhase section */
		D1F99770209071F500BE7996 /* Resources */ = {
			isa = PBXResourcesBuildPhase;
			buildActionMask = 2147483647;
			files = (
				D16F461A212AB52A0073663F /* icon_yy_play@3x.png in Resources */,
				D116406F20C77C1A00BA0BA8 /* icon_yy_back@3x.png in Resources */,
				D13EEC8720C670B000B366BE /* icon_yy_unSelected@3x.png in Resources */,
				D13EEC8A20C6831500B366BE /* icon_yy_camera@3x.png in Resources */,
				D110C8BF214F416500AFA174 /* icon_yy_back_white@2x.png in Resources */,
				D13EEC8420C670B000B366BE /* icon_yy_selected@2x.png in Resources */,
				D13EEC8520C670B000B366BE /* icon_yy_selected@3x.png in Resources */,
				D13EEC6F20C641ED00B366BE /* YYGroupViewController.xib in Resources */,
				D13EEC8620C670B000B366BE /* icon_yy_unSelected@2x.png in Resources */,
				D1F99782209071F500BE7996 /* LaunchScreen.storyboard in Resources */,
				D13EEC7E20C65F5F00B366BE /* YYAssetCell.xib in Resources */,
				D13EEC8B20C6831500B366BE /* icon_yy_camera@2x.png in Resources */,
				D116407020C77C1A00BA0BA8 /* icon_yy_back@2x.png in Resources */,
				D1F9977F209071F500BE7996 /* Assets.xcassets in Resources */,
				D13EEC7920C659E100B366BE /* YYAssetCollectionVC.xib in Resources */,
				D13EEC7420C642CD00B366BE /* YYGroupCell.xib in Resources */,
				D16F4619212AB52A0073663F /* icon_yy_play@2x.png in Resources */,
				D110C8C0214F416500AFA174 /* icon_yy_back_white@3x.png in Resources */,
				D1F9977D209071F500BE7996 /* Main.storyboard in Resources */,
				D13EEC5920C637EF00B366BE /* YYImagePickerController.xib in Resources */,
			);
			runOnlyForDeploymentPostprocessing = 0;
		};
/* End PBXResourcesBuildPhase section */

/* Begin PBXSourcesBuildPhase section */
		D1F9976E209071F500BE7996 /* Sources */ = {
			isa = PBXSourcesBuildPhase;
			buildActionMask = 2147483647;
			files = (
				D16F4615212AA7520073663F /* UIImage+FixOrientation.m in Sources */,
				D16F4613212AA7520073663F /* RSKImageScrollView.m in Sources */,
				D116408220C7BD3900BA0BA8 /* YYPhotoItem.m in Sources */,
				D116407920C77D8500BA0BA8 /* HQPhotoItem.m in Sources */,
				D16F4614212AA7520073663F /* RSKTouchView.m in Sources */,
				D1F9977A209071F500BE7996 /* ViewController.m in Sources */,
				D116408520C7BD6600BA0BA8 /* YYPhotoBrowser.m in Sources */,
				D13EEC6C20C63AC700B366BE /* YYAssetCollection.m in Sources */,
				D110C8BC214F406E00AFA174 /* HQPhotoTopView.m in Sources */,
				D116407820C77D8500BA0BA8 /* HQPhotoBrowser.m in Sources */,
				D13EEC5F20C6397B00B366BE /* YYGroupViewController.m in Sources */,
				D13EEC6620C63A7000B366BE /* YYData.m in Sources */,
				D1F99785209071F500BE7996 /* main.m in Sources */,
				D16F4612212AA7520073663F /* RSKImageCropViewController.m in Sources */,
				D1F99777209071F500BE7996 /* AppDelegate.m in Sources */,
				D13C06302090725300F60ACC /* YYImagePickerController.m in Sources */,
				D13EEC7320C642CD00B366BE /* YYGroupCell.m in Sources */,
				D116407A20C77D8500BA0BA8 /* HQPhotoView.m in Sources */,
				D13EEC6920C63AB300B366BE /* YYAsset.m in Sources */,
				D13EEC7820C659E100B366BE /* YYAssetCollectionVC.m in Sources */,
				D13EEC7D20C65F5F00B366BE /* YYAssetCell.m in Sources */,
				D13EEC6320C6399600B366BE /* YYTools.m in Sources */,
				D116407F20C7BD1B00BA0BA8 /* YYPhotoView.m in Sources */,
			);
			runOnlyForDeploymentPostprocessing = 0;
		};
/* End PBXSourcesBuildPhase section */

/* Begin PBXVariantGroup section */
		D1F9977B209071F500BE7996 /* Main.storyboard */ = {
			isa = PBXVariantGroup;
			children = (
				D1F9977C209071F500BE7996 /* Base */,
			);
			name = Main.storyboard;
			sourceTree = "<group>";
		};
		D1F99780209071F500BE7996 /* LaunchScreen.storyboard */ = {
			isa = PBXVariantGroup;
			children = (
				D1F99781209071F500BE7996 /* Base */,
			);
			name = LaunchScreen.storyboard;
			sourceTree = "<group>";
		};
/* End PBXVariantGroup section */

/* Begin XCBuildConfiguration section */
		D1F99786209071F500BE7996 /* Debug */ = {
			isa = XCBuildConfiguration;
			buildSettings = {
				ALWAYS_SEARCH_USER_PATHS = NO;
				CLANG_ANALYZER_NONNULL = YES;
				CLANG_ANALYZER_NUMBER_OBJECT_CONVERSION = YES_AGGRESSIVE;
				CLANG_CXX_LANGUAGE_STANDARD = "gnu++14";
				CLANG_CXX_LIBRARY = "libc++";
				CLANG_ENABLE_MODULES = YES;
				CLANG_ENABLE_OBJC_ARC = YES;
				CLANG_ENABLE_OBJC_WEAK = YES;
				CLANG_WARN_BLOCK_CAPTURE_AUTORELEASING = YES;
				CLANG_WARN_BOOL_CONVERSION = YES;
				CLANG_WARN_COMMA = YES;
				CLANG_WARN_CONSTANT_CONVERSION = YES;
				CLANG_WARN_DEPRECATED_OBJC_IMPLEMENTATIONS = YES;
				CLANG_WARN_DIRECT_OBJC_ISA_USAGE = YES_ERROR;
				CLANG_WARN_DOCUMENTATION_COMMENTS = YES;
				CLANG_WARN_EMPTY_BODY = YES;
				CLANG_WARN_ENUM_CONVERSION = YES;
				CLANG_WARN_INFINITE_RECURSION = YES;
				CLANG_WARN_INT_CONVERSION = YES;
				CLANG_WARN_NON_LITERAL_NULL_CONVERSION = YES;
				CLANG_WARN_OBJC_IMPLICIT_RETAIN_SELF = YES;
				CLANG_WARN_OBJC_LITERAL_CONVERSION = YES;
				CLANG_WARN_OBJC_ROOT_CLASS = YES_ERROR;
				CLANG_WARN_RANGE_LOOP_ANALYSIS = YES;
				CLANG_WARN_STRICT_PROTOTYPES = YES;
				CLANG_WARN_SUSPICIOUS_MOVE = YES;
				CLANG_WARN_UNGUARDED_AVAILABILITY = YES_AGGRESSIVE;
				CLANG_WARN_UNREACHABLE_CODE = YES;
				CLANG_WARN__DUPLICATE_METHOD_MATCH = YES;
				CODE_SIGN_IDENTITY = "iPhone Developer";
				COPY_PHASE_STRIP = NO;
				DEBUG_INFORMATION_FORMAT = dwarf;
				ENABLE_STRICT_OBJC_MSGSEND = YES;
				ENABLE_TESTABILITY = YES;
				GCC_C_LANGUAGE_STANDARD = gnu11;
				GCC_DYNAMIC_NO_PIC = NO;
				GCC_NO_COMMON_BLOCKS = YES;
				GCC_OPTIMIZATION_LEVEL = 0;
				GCC_PREPROCESSOR_DEFINITIONS = (
					"DEBUG=1",
					"$(inherited)",
				);
				GCC_WARN_64_TO_32_BIT_CONVERSION = YES;
				GCC_WARN_ABOUT_RETURN_TYPE = YES_ERROR;
				GCC_WARN_UNDECLARED_SELECTOR = YES;
				GCC_WARN_UNINITIALIZED_AUTOS = YES_AGGRESSIVE;
				GCC_WARN_UNUSED_FUNCTION = YES;
				GCC_WARN_UNUSED_VARIABLE = YES;
				IPHONEOS_DEPLOYMENT_TARGET = 11.3;
				MTL_ENABLE_DEBUG_INFO = YES;
				ONLY_ACTIVE_ARCH = YES;
				SDKROOT = iphoneos;
			};
			name = Debug;
		};
		D1F99787209071F500BE7996 /* Release */ = {
			isa = XCBuildConfiguration;
			buildSettings = {
				ALWAYS_SEARCH_USER_PATHS = NO;
				CLANG_ANALYZER_NONNULL = YES;
				CLANG_ANALYZER_NUMBER_OBJECT_CONVERSION = YES_AGGRESSIVE;
				CLANG_CXX_LANGUAGE_STANDARD = "gnu++14";
				CLANG_CXX_LIBRARY = "libc++";
				CLANG_ENABLE_MODULES = YES;
				CLANG_ENABLE_OBJC_ARC = YES;
				CLANG_ENABLE_OBJC_WEAK = YES;
				CLANG_WARN_BLOCK_CAPTURE_AUTORELEASING = YES;
				CLANG_WARN_BOOL_CONVERSION = YES;
				CLANG_WARN_COMMA = YES;
				CLANG_WARN_CONSTANT_CONVERSION = YES;
				CLANG_WARN_DEPRECATED_OBJC_IMPLEMENTATIONS = YES;
				CLANG_WARN_DIRECT_OBJC_ISA_USAGE = YES_ERROR;
				CLANG_WARN_DOCUMENTATION_COMMENTS = YES;
				CLANG_WARN_EMPTY_BODY = YES;
				CLANG_WARN_ENUM_CONVERSION = YES;
				CLANG_WARN_INFINITE_RECURSION = YES;
				CLANG_WARN_INT_CONVERSION = YES;
				CLANG_WARN_NON_LITERAL_NULL_CONVERSION = YES;
				CLANG_WARN_OBJC_IMPLICIT_RETAIN_SELF = YES;
				CLANG_WARN_OBJC_LITERAL_CONVERSION = YES;
				CLANG_WARN_OBJC_ROOT_CLASS = YES_ERROR;
				CLANG_WARN_RANGE_LOOP_ANALYSIS = YES;
				CLANG_WARN_STRICT_PROTOTYPES = YES;
				CLANG_WARN_SUSPICIOUS_MOVE = YES;
				CLANG_WARN_UNGUARDED_AVAILABILITY = YES_AGGRESSIVE;
				CLANG_WARN_UNREACHABLE_CODE = YES;
				CLANG_WARN__DUPLICATE_METHOD_MATCH = YES;
				CODE_SIGN_IDENTITY = "iPhone Developer";
				COPY_PHASE_STRIP = NO;
				DEBUG_INFORMATION_FORMAT = "dwarf-with-dsym";
				ENABLE_NS_ASSERTIONS = NO;
				ENABLE_STRICT_OBJC_MSGSEND = YES;
				GCC_C_LANGUAGE_STANDARD = gnu11;
				GCC_NO_COMMON_BLOCKS = YES;
				GCC_WARN_64_TO_32_BIT_CONVERSION = YES;
				GCC_WARN_ABOUT_RETURN_TYPE = YES_ERROR;
				GCC_WARN_UNDECLARED_SELECTOR = YES;
				GCC_WARN_UNINITIALIZED_AUTOS = YES_AGGRESSIVE;
				GCC_WARN_UNUSED_FUNCTION = YES;
				GCC_WARN_UNUSED_VARIABLE = YES;
				IPHONEOS_DEPLOYMENT_TARGET = 11.3;
				MTL_ENABLE_DEBUG_INFO = NO;
				SDKROOT = iphoneos;
				VALIDATE_PRODUCT = YES;
			};
			name = Release;
		};
		D1F99789209071F500BE7996 /* Debug */ = {
			isa = XCBuildConfiguration;
			buildSettings = {
				ASSETCATALOG_COMPILER_APPICON_NAME = AppIcon;
				CODE_SIGN_STYLE = Automatic;
				DEVELOPMENT_TEAM = MF5828SVH4;
				INFOPLIST_FILE = YYImagePickerController/Info.plist;
				IPHONEOS_DEPLOYMENT_TARGET = 9.0;
				LD_RUNPATH_SEARCH_PATHS = (
					"$(inherited)",
					"@executable_path/Frameworks",
				);
				PRODUCT_BUNDLE_IDENTIFIER = com.haiqu.swift.test.YYImagePickerController;
				PRODUCT_NAME = "$(TARGET_NAME)";
				TARGETED_DEVICE_FAMILY = "1,2";
			};
			name = Debug;
		};
		D1F9978A209071F500BE7996 /* Release */ = {
			isa = XCBuildConfiguration;
			buildSettings = {
				ASSETCATALOG_COMPILER_APPICON_NAME = AppIcon;
				CODE_SIGN_STYLE = Automatic;
				DEVELOPMENT_TEAM = MF5828SVH4;
				INFOPLIST_FILE = YYImagePickerController/Info.plist;
				IPHONEOS_DEPLOYMENT_TARGET = 9.0;
				LD_RUNPATH_SEARCH_PATHS = (
					"$(inherited)",
					"@executable_path/Frameworks",
				);
				PRODUCT_BUNDLE_IDENTIFIER = com.haiqu.swift.test.YYImagePickerController;
				PRODUCT_NAME = "$(TARGET_NAME)";
				TARGETED_DEVICE_FAMILY = "1,2";
			};
			name = Release;
		};
/* End XCBuildConfiguration section */

/* Begin XCConfigurationList section */
		D1F9976D209071F500BE7996 /* Build configuration list for PBXProject "YYImagePickerController" */ = {
			isa = XCConfigurationList;
			buildConfigurations = (
				D1F99786209071F500BE7996 /* Debug */,
				D1F99787209071F500BE7996 /* Release */,
			);
			defaultConfigurationIsVisible = 0;
			defaultConfigurationName = Release;
		};
		D1F99788209071F500BE7996 /* Build configuration list for PBXNativeTarget "YYImagePickerController" */ = {
			isa = XCConfigurationList;
			buildConfigurations = (
				D1F99789209071F500BE7996 /* Debug */,
				D1F9978A209071F500BE7996 /* Release */,
			);
			defaultConfigurationIsVisible = 0;
			defaultConfigurationName = Release;
		};
/* End XCConfigurationList section */
	};
	rootObject = D1F9976A209071F500BE7996 /* Project object */;
}
